// !$*UTF8*$!
{
	archiveVersion = 1;
	classes = {
	};
	objectVersion = 50;
	objects = {

/* Begin PBXBuildFile section */
		ACCE12322131C4AD0004FD3C /* AppDelegate.swift in Sources */ = {isa = PBXBuildFile; fileRef = ACCE12312131C4AD0004FD3C /* AppDelegate.swift */; };
		ACCE12342131C4AD0004FD3C /* ViewController.swift in Sources */ = {isa = PBXBuildFile; fileRef = ACCE12332131C4AD0004FD3C /* ViewController.swift */; };
		ACCE12372131C4AD0004FD3C /* Main.storyboard in Resources */ = {isa = PBXBuildFile; fileRef = ACCE12352131C4AD0004FD3C /* Main.storyboard */; };
		ACCE12392131C4AE0004FD3C /* Assets.xcassets in Resources */ = {isa = PBXBuildFile; fileRef = ACCE12382131C4AE0004FD3C /* Assets.xcassets */; };
		ACCE123C2131C4AE0004FD3C /* LaunchScreen.storyboard in Resources */ = {isa = PBXBuildFile; fileRef = ACCE123A2131C4AE0004FD3C /* LaunchScreen.storyboard */; };
		ACCE12442131C6450004FD3C /* AnimalTableViewController.swift in Sources */ = {isa = PBXBuildFile; fileRef = ACCE12432131C6450004FD3C /* AnimalTableViewController.swift */; };
		ACCE12462131C9930004FD3C /* Aviso.swift in Sources */ = {isa = PBXBuildFile; fileRef = ACCE12452131C9930004FD3C /* Aviso.swift */; };
/* End PBXBuildFile section */

/* Begin PBXFileReference section */
		ACCE122E2131C4AD0004FD3C /* Exemplo2 TableViewController.app */ = {isa = PBXFileReference; explicitFileType = wrapper.application; includeInIndex = 0; path = "Exemplo2 TableViewController.app"; sourceTree = BUILT_PRODUCTS_DIR; };
		ACCE12312131C4AD0004FD3C /* AppDelegate.swift */ = {isa = PBXFileReference; lastKnownFileType = sourcecode.swift; path = AppDelegate.swift; sourceTree = "<group>"; };
		ACCE12332131C4AD0004FD3C /* ViewController.swift */ = {isa = PBXFileReference; lastKnownFileType = sourcecode.swift; path = ViewController.swift; sourceTree = "<group>"; };
		ACCE12362131C4AD0004FD3C /* Base */ = {isa = PBXFileReference; lastKnownFileType = file.storyboard; name = Base; path = Base.lproj/Main.storyboard; sourceTree = "<group>"; };
		ACCE12382131C4AE0004FD3C /* Assets.xcassets */ = {isa = PBXFileReference; lastKnownFileType = folder.assetcatalog; path = Assets.xcassets; sourceTree = "<group>"; };
		ACCE123B2131C4AE0004FD3C /* Base */ = {isa = PBXFileReference; lastKnownFileType = file.storyboard; name = Base; path = Base.lproj/LaunchScreen.storyboard; sourceTree = "<group>"; };
		ACCE123D2131C4AE0004FD3C /* Info.plist */ = {isa = PBXFileReference; lastKnownFileType = text.plist.xml; path = Info.plist; sourceTree = "<group>"; };
		ACCE12432131C6450004FD3C /* AnimalTableViewController.swift */ = {isa = PBXFileReference; lastKnownFileType = sourcecode.swift; path = AnimalTableViewController.swift; sourceTree = "<group>"; };
		ACCE12452131C9930004FD3C /* Aviso.swift */ = {isa = PBXFileReference; lastKnownFileType = sourcecode.swift; path = Aviso.swift; sourceTree = "<group>"; };
/* End PBXFileReference section */

/* Begin PBXFrameworksBuildPhase section */
		ACCE122B2131C4AD0004FD3C /* Frameworks */ = {
			isa = PBXFrameworksBuildPhase;
			buildActionMask = 2147483647;
			files = (
			);
			runOnlyForDeploymentPostprocessing = 0;
		};
/* End PBXFrameworksBuildPhase section */

/* Begin PBXGroup section */
		ACCE12252131C4AD0004FD3C = {
			isa = PBXGroup;
			children = (
				ACCE12302131C4AD0004FD3C /* Exemplo2 TableViewController */,
				ACCE122F2131C4AD0004FD3C /* Products */,
			);
			sourceTree = "<group>";
		};
		ACCE122F2131C4AD0004FD3C /* Products */ = {
			isa = PBXGroup;
			children = (
				ACCE122E2131C4AD0004FD3C /* Exemplo2 TableViewController.app */,
			);
			name = Products;
			sourceTree = "<group>";
		};
		ACCE12302131C4AD0004FD3C /* Exemplo2 TableViewController */ = {
			isa = PBXGroup;
			children = (
				ACCE12312131C4AD0004FD3C /* AppDelegate.swift */,
				ACCE12332131C4AD0004FD3C /* ViewController.swift */,
				ACCE12352131C4AD0004FD3C /* Main.storyboard */,
				ACCE12432131C6450004FD3C /* AnimalTableViewController.swift */,
				ACCE12452131C9930004FD3C /* Aviso.swift */,
				ACCE12382131C4AE0004FD3C /* Assets.xcassets */,
				ACCE123A2131C4AE0004FD3C /* LaunchScreen.storyboard */,
				ACCE123D2131C4AE0004FD3C /* Info.plist */,
			);
			path = "Exemplo2 TableViewController";
			sourceTree = "<group>";
		};
/* End PBXGroup section */

/* Begin PBXNativeTarget section */
		ACCE122D2131C4AD0004FD3C /* Exemplo2 TableViewController */ = {
			isa = PBXNativeTarget;
			buildConfigurationList = ACCE12402131C4AE0004FD3C /* Build configuration list for PBXNativeTarget "Exemplo2 TableViewController" */;
			buildPhases = (
				ACCE122A2131C4AD0004FD3C /* Sources */,
				ACCE122B2131C4AD0004FD3C /* Frameworks */,
				ACCE122C2131C4AD0004FD3C /* Resources */,
			);
			buildRules = (
			);
			dependencies = (
			);
			name = "Exemplo2 TableViewController";
			productName = "Exemplo2 TableViewController";
			productReference = ACCE122E2131C4AD0004FD3C /* Exemplo2 TableViewController.app */;
			productType = "com.apple.product-type.application";
		};
/* End PBXNativeTarget section */

/* Begin PBXProject section */
		ACCE12262131C4AD0004FD3C /* Project object */ = {
			isa = PBXProject;
			attributes = {
				LastSwiftUpdateCheck = 0940;
				LastUpgradeCheck = 0940;
				ORGANIZATIONNAME = "Julio Augusto";
				TargetAttributes = {
					ACCE122D2131C4AD0004FD3C = {
						CreatedOnToolsVersion = 9.4.1;
					};
				};
			};
			buildConfigurationList = ACCE12292131C4AD0004FD3C /* Build configuration list for PBXProject "Exemplo2 TableViewController" */;
			compatibilityVersion = "Xcode 9.3";
			developmentRegion = en;
			hasScannedForEncodings = 0;
			knownRegions = (
				en,
				Base,
			);
			mainGroup = ACCE12252131C4AD0004FD3C;
			productRefGroup = ACCE122F2131C4AD0004FD3C /* Products */;
			projectDirPath = "";
			projectRoot = "";
			targets = (
				ACCE122D2131C4AD0004FD3C /* Exemplo2 TableViewController */,
			);
		};
/* End PBXProject section */

/* Begin PBXResourcesBuildPhase section */
		ACCE122C2131C4AD0004FD3C /* Resources */ = {
			isa = PBXResourcesBuildPhase;
			buildActionMask = 2147483647;
			files = (
				ACCE123C2131C4AE0004FD3C /* LaunchScreen.storyboard in Resources */,
				ACCE12392131C4AE0004FD3C /* Assets.xcassets in Resources */,
				ACCE12372131C4AD0004FD3C /* Main.storyboard in Resources */,
			);
			runOnlyForDeploymentPostprocessing = 0;
		};
/* End PBXResourcesBuildPhase section */

/* Begin PBXSourcesBuildPhase section */
		ACCE122A2131C4AD0004FD3C /* Sources */ = {
			isa = PBXSourcesBuildPhase;
			buildActionMask = 2147483647;
			files = (
				ACCE12462131C9930004FD3C /* Aviso.swift in Sources */,
				ACCE12442131C6450004FD3C /* AnimalTableViewController.swift in Sources */,
				ACCE12342131C4AD0004FD3C /* ViewController.swift in Sources */,
				ACCE12322131C4AD0004FD3C /* AppDelegate.swift in Sources */,
			);
			runOnlyForDeploymentPostprocessing = 0;
		};
/* End PBXSourcesBuildPhase section */

/* Begin PBXVariantGroup section */
		ACCE12352131C4AD0004FD3C /* Main.storyboard */ = {
			isa = PBXVariantGroup;
			children = (
				ACCE12362131C4AD0004FD3C /* Base */,
			);
			name = Main.storyboard;
			sourceTree = "<group>";
		};
		ACCE123A2131C4AE0004FD3C /* LaunchScreen.storyboard */ = {
			isa = PBXVariantGroup;
			children = (
				ACCE123B2131C4AE0004FD3C /* Base */,
			);
			name = LaunchScreen.storyboard;
			sourceTree = "<group>";
		};
/* End PBXVariantGroup section */

/* Begin XCBuildConfiguration section */
		ACCE123E2131C4AE0004FD3C /* Debug */ = {
			isa = XCBuildConfiguration;
			buildSettings = {
				ALWAYS_SEARCH_USER_PATHS = NO;
				CLANG_ANALYZER_NONNULL = YES;
				CLANG_ANALYZER_NUMBER_OBJECT_CONVERSION = YES_AGGRESSIVE;
				CLANG_CXX_LANGUAGE_STANDARD = "gnu++14";
				CLANG_CXX_LIBRARY = "libc++";
				CLANG_ENABLE_MODULES = YES;
				CLANG_ENABLE_OBJC_ARC = YES;
				CLANG_ENABLE_OBJC_WEAK = YES;
				CLANG_WARN_BLOCK_CAPTURE_AUTORELEASING = YES;
				CLANG_WARN_BOOL_CONVERSION = YES;
				CLANG_WARN_COMMA = YES;
				CLANG_WARN_CONSTANT_CONVERSION = YES;
				CLANG_WARN_DEPRECATED_OBJC_IMPLEMENTATIONS = YES;
				CLANG_WARN_DIRECT_OBJC_ISA_USAGE = YES_ERROR;
				CLANG_WARN_DOCUMENTATION_COMMENTS = YES;
				CLANG_WARN_EMPTY_BODY = YES;
				CLANG_WARN_ENUM_CONVERSION = YES;
				CLANG_WARN_INFINITE_RECURSION = YES;
				CLANG_WARN_INT_CONVERSION = YES;
				CLANG_WARN_NON_LITERAL_NULL_CONVERSION = YES;
				CLANG_WARN_OBJC_IMPLICIT_RETAIN_SELF = YES;
				CLANG_WARN_OBJC_LITERAL_CONVERSION = YES;
				CLANG_WARN_OBJC_ROOT_CLASS = YES_ERROR;
				CLANG_WARN_RANGE_LOOP_ANALYSIS = YES;
				CLANG_WARN_STRICT_PROTOTYPES = YES;
				CLANG_WARN_SUSPICIOUS_MOVE = YES;
				CLANG_WARN_UNGUARDED_AVAILABILITY = YES_AGGRESSIVE;
				CLANG_WARN_UNREACHABLE_CODE = YES;
				CLANG_WARN__DUPLICATE_METHOD_MATCH = YES;
				CODE_SIGN_IDENTITY = "iPhone Developer";
				COPY_PHASE_STRIP = NO;
				DEBUG_INFORMATION_FORMAT = dwarf;
				ENABLE_STRICT_OBJC_MSGSEND = YES;
				ENABLE_TESTABILITY = YES;
				GCC_C_LANGUAGE_STANDARD = gnu11;
				GCC_DYNAMIC_NO_PIC = NO;
				GCC_NO_COMMON_BLOCKS = YES;
				GCC_OPTIMIZATION_LEVEL = 0;
				GCC_PREPROCESSOR_DEFINITIONS = (
					"DEBUG=1",
					"$(inherited)",
				);
				GCC_WARN_64_TO_32_BIT_CONVERSION = YES;
				GCC_WARN_ABOUT_RETURN_TYPE = YES_ERROR;
				GCC_WARN_UNDECLARED_SELECTOR = YES;
				GCC_WARN_UNINITIALIZED_AUTOS = YES_AGGRESSIVE;
				GCC_WARN_UNUSED_FUNCTION = YES;
				GCC_WARN_UNUSED_VARIABLE = YES;
				IPHONEOS_DEPLOYMENT_TARGET = 11.4;
				MTL_ENABLE_DEBUG_INFO = YES;
				ONLY_ACTIVE_ARCH = YES;
				SDKROOT = iphoneos;
				SWIFT_ACTIVE_COMPILATION_CONDITIONS = DEBUG;
				SWIFT_OPTIMIZATION_LEVEL = "-Onone";
			};
			name = Debug;
		};
		ACCE123F2131C4AE0004FD3C /* Release */ = {
			isa = XCBuildConfiguration;
			buildSettings = {
				ALWAYS_SEARCH_USER_PATHS = NO;
				CLANG_ANALYZER_NONNULL = YES;
				CLANG_ANALYZER_NUMBER_OBJECT_CONVERSION = YES_AGGRESSIVE;
				CLANG_CXX_LANGUAGE_STANDARD = "gnu++14";
				CLANG_CXX_LIBRARY = "libc++";
				CLANG_ENABLE_MODULES = YES;
				CLANG_ENABLE_OBJC_ARC = YES;
				CLANG_ENABLE_OBJC_WEAK = YES;
				CLANG_WARN_BLOCK_CAPTURE_AUTORELEASING = YES;
				CLANG_WARN_BOOL_CONVERSION = YES;
				CLANG_WARN_COMMA = YES;
				CLANG_WARN_CONSTANT_CONVERSION = YES;
				CLANG_WARN_DEPRECATED_OBJC_IMPLEMENTATIONS = YES;
				CLANG_WARN_DIRECT_OBJC_ISA_USAGE = YES_ERROR;
				CLANG_WARN_DOCUMENTATION_COMMENTS = YES;
				CLANG_WARN_EMPTY_BODY = YES;
				CLANG_WARN_ENUM_CONVERSION = YES;
				CLANG_WARN_INFINITE_RECURSION = YES;
				CLANG_WARN_INT_CONVERSION = YES;
				CLANG_WARN_NON_LITERAL_NULL_CONVERSION = YES;
				CLANG_WARN_OBJC_IMPLICIT_RETAIN_SELF = YES;
				CLANG_WARN_OBJC_LITERAL_CONVERSION = YES;
				CLANG_WARN_OBJC_ROOT_CLASS = YES_ERROR;
				CLANG_WARN_RANGE_LOOP_ANALYSIS = YES;
				CLANG_WARN_STRICT_PROTOTYPES = YES;
				CLANG_WARN_SUSPICIOUS_MOVE = YES;
				CLANG_WARN_UNGUARDED_AVAILABILITY = YES_AGGRESSIVE;
				CLANG_WARN_UNREACHABLE_CODE = YES;
				CLANG_WARN__DUPLICATE_METHOD_MATCH = YES;
				CODE_SIGN_IDENTITY = "iPhone Developer";
				COPY_PHASE_STRIP = NO;
				DEBUG_INFORMATION_FORMAT = "dwarf-with-dsym";
				ENABLE_NS_ASSERTIONS = NO;
				ENABLE_STRICT_OBJC_MSGSEND = YES;
				GCC_C_LANGUAGE_STANDARD = gnu11;
				GCC_NO_COMMON_BLOCKS = YES;
				GCC_WARN_64_TO_32_BIT_CONVERSION = YES;
				GCC_WARN_ABOUT_RETURN_TYPE = YES_ERROR;
				GCC_WARN_UNDECLARED_SELECTOR = YES;
				GCC_WARN_UNINITIALIZED_AUTOS = YES_AGGRESSIVE;
				GCC_WARN_UNUSED_FUNCTION = YES;
				GCC_WARN_UNUSED_VARIABLE = YES;
				IPHONEOS_DEPLOYMENT_TARGET = 11.4;
				MTL_ENABLE_DEBUG_INFO = NO;
				SDKROOT = iphoneos;
				SWIFT_COMPILATION_MODE = wholemodule;
				SWIFT_OPTIMIZATION_LEVEL = "-O";
				VALIDATE_PRODUCT = YES;
			};
			name = Release;
		};
		ACCE12412131C4AE0004FD3C /* Debug */ = {
			isa = XCBuildConfiguration;
			buildSettings = {
				ASSETCATALOG_COMPILER_APPICON_NAME = AppIcon;
				CODE_SIGN_STYLE = Automatic;
				INFOPLIST_FILE = "Exemplo2 TableViewController/Info.plist";
				LD_RUNPATH_SEARCH_PATHS = (
					"$(inherited)",
					"@executable_path/Frameworks",
				);
				PRODUCT_BUNDLE_IDENTIFIER = "com.fiap.Exemplo2-TableViewController";
				PRODUCT_NAME = "$(TARGET_NAME)";
				SWIFT_VERSION = 4.0;
				TARGETED_DEVICE_FAMILY = "1,2";
			};
			name = Debug;
		};
		ACCE12422131C4AE0004FD3C /* Release */ = {
			isa = XCBuildConfiguration;
			buildSettings = {
				ASSETCATALOG_COMPILER_APPICON_NAME = AppIcon;
				CODE_SIGN_STYLE = Automatic;
				INFOPLIST_FILE = "Exemplo2 TableViewController/Info.plist";
				LD_RUNPATH_SEARCH_PATHS = (
					"$(inherited)",
					"@executable_path/Frameworks",
				);
				PRODUCT_BUNDLE_IDENTIFIER = "com.fiap.Exemplo2-TableViewController";
				PRODUCT_NAME = "$(TARGET_NAME)";
				SWIFT_VERSION = 4.0;
				TARGETED_DEVICE_FAMILY = "1,2";
			};
			name = Release;
		};
/* End XCBuildConfiguration section */

/* Begin XCConfigurationList section */
		ACCE12292131C4AD0004FD3C /* Build configuration list for PBXProject "Exemplo2 TableViewController" */ = {
			isa = XCConfigurationList;
			buildConfigurations = (
				ACCE123E2131C4AE0004FD3C /* Debug */,
				ACCE123F2131C4AE0004FD3C /* Release */,
			);
			defaultConfigurationIsVisible = 0;
			defaultConfigurationName = Release;
		};
		ACCE12402131C4AE0004FD3C /* Build configuration list for PBXNativeTarget "Exemplo2 TableViewController" */ = {
			isa = XCConfigurationList;
			buildConfigurations = (
				ACCE12412131C4AE0004FD3C /* Debug */,
				ACCE12422131C4AE0004FD3C /* Release */,
			);
			defaultConfigurationIsVisible = 0;
			defaultConfigurationName = Release;
		};
/* End XCConfigurationList section */
	};
	rootObject = ACCE12262131C4AD0004FD3C /* Project object */;
}
